
Microsoft Visual Studio Solution File, Format Version 12.00
# Visual Studio Version 16
VisualStudioVersion = 16.0.29411.108
MinimumVisualStudioVersion = 10.0.40219.1
Project("{FAE04EC0-301F-11D3-BF4B-00C04F79EFBC}") = "Demo.jwt", "Demo.jwt.csproj", "{76B79938-17C7-46B3-B31B-6E38E8B29424}"
EndProject
Global
	GlobalSection(SolutionConfigurationPlatforms) = preSolution
		Debug|Any CPU = Debug|Any CPU
		Release|Any CPU = Release|Any CPU
	EndGlobalSection
	GlobalSection(ProjectConfigurationPlatforms) = postSolution
		{76B79938-17C7-46B3-B31B-6E38E8B29424}.Debug|Any CPU.ActiveCfg = Debug|Any CPU
		{76B79938-17C7-46B3-B31B-6E38E8B29424}.Debug|Any CPU.Build.0 = Debug|Any CPU
		{76B79938-17C7-46B3-B31B-6E38E8B29424}.Release|Any CPU.ActiveCfg = Release|Any CPU
		{76B79938-17C7-46B3-B31B-6E38E8B29424}.Release|Any CPU.Build.0 = Release|Any CPU
	EndGlobalSection
	GlobalSection(SolutionProperties) = preSolution
		HideSolutionNode = FALSE
	EndGlobalSection
	GlobalSection(ExtensibilityGlobals) = postSolution
		SolutionGuid = {FBB9F5A3-3F54-454B-B587-5CA0600772D2}
	EndGlobalSection
EndGlobal
